
Microsoft Visual Studio Solution File, Format Version 12.00
# Visual Studio Version 16
VisualStudioVersion = 16.0.32413.511
MinimumVisualStudioVersion = 10.0.40219.1
Project("{FAE04EC0-301F-11D3-BF4B-00C04F79EFBC}") = "CourseRegistrationProject", "CourseRegistrationProject\CourseRegistrationProject.csproj", "{2D709012-6DFE-4262-A6D6-E0FBC96DE62D}"
EndProject
Global
	GlobalSection(SolutionConfigurationPlatforms) = preSolution
		Debug|Any CPU = Debug|Any CPU
		Release|Any CPU = Release|Any CPU
	EndGlobalSection
	GlobalSection(ProjectConfigurationPlatforms) = postSolution
		{2D709012-6DFE-4262-A6D6-E0FBC96DE62D}.Debug|Any CPU.ActiveCfg = Debug|Any CPU
		{2D709012-6DFE-4262-A6D6-E0FBC96DE62D}.Debug|Any CPU.Build.0 = Debug|Any CPU
		{2D709012-6DFE-4262-A6D6-E0FBC96DE62D}.Release|Any CPU.ActiveCfg = Release|Any CPU
		{2D709012-6DFE-4262-A6D6-E0FBC96DE62D}.Release|Any CPU.Build.0 = Release|Any CPU
	EndGlobalSection
	GlobalSection(SolutionProperties) = preSolution
		HideSolutionNode = FALSE
	EndGlobalSection
	GlobalSection(ExtensibilityGlobals) = postSolution
		SolutionGuid = {6E75BD28-D7FD-4F4C-A3A9-7CD06C1E9623}
	EndGlobalSection
EndGlobal
